// !$*UTF8*$!
{
	archiveVersion = 1;
	classes = {
	};
	objectVersion = 46;
	objects = {

/* Begin PBXBuildFile section */
		B97E139036BBCCCB6C10D682 /* Pods_Neu_Radio.framework in Frameworks */ = {isa = PBXBuildFile; fileRef = C858CB82301A0D5DDFC2034B /* Pods_Neu_Radio.framework */; };
		F73918421EE4407000949727 /* PostFacebookTableViewCell.swift in Sources */ = {isa = PBXBuildFile; fileRef = F73918411EE4407000949727 /* PostFacebookTableViewCell.swift */; };
		F73918501EE44AD800949727 /* Roboto-Black.ttf in Resources */ = {isa = PBXBuildFile; fileRef = F73918441EE44AD800949727 /* Roboto-Black.ttf */; };
		F73918511EE44AD800949727 /* Roboto-BlackItalic.ttf in Resources */ = {isa = PBXBuildFile; fileRef = F73918451EE44AD800949727 /* Roboto-BlackItalic.ttf */; };
		F73918521EE44AD800949727 /* Roboto-Bold.ttf in Resources */ = {isa = PBXBuildFile; fileRef = F73918461EE44AD800949727 /* Roboto-Bold.ttf */; };
		F73918531EE44AD800949727 /* Roboto-BoldItalic.ttf in Resources */ = {isa = PBXBuildFile; fileRef = F73918471EE44AD800949727 /* Roboto-BoldItalic.ttf */; };
		F73918541EE44AD800949727 /* Roboto-Italic.ttf in Resources */ = {isa = PBXBuildFile; fileRef = F73918481EE44AD800949727 /* Roboto-Italic.ttf */; };
		F73918551EE44AD800949727 /* Roboto-Light.ttf in Resources */ = {isa = PBXBuildFile; fileRef = F73918491EE44AD800949727 /* Roboto-Light.ttf */; };
		F73918561EE44AD800949727 /* Roboto-LightItalic.ttf in Resources */ = {isa = PBXBuildFile; fileRef = F739184A1EE44AD800949727 /* Roboto-LightItalic.ttf */; };
		F73918571EE44AD800949727 /* Roboto-Medium.ttf in Resources */ = {isa = PBXBuildFile; fileRef = F739184B1EE44AD800949727 /* Roboto-Medium.ttf */; };
		F73918581EE44AD800949727 /* Roboto-MediumItalic.ttf in Resources */ = {isa = PBXBuildFile; fileRef = F739184C1EE44AD800949727 /* Roboto-MediumItalic.ttf */; };
		F73918591EE44AD800949727 /* Roboto-Regular.ttf in Resources */ = {isa = PBXBuildFile; fileRef = F739184D1EE44AD800949727 /* Roboto-Regular.ttf */; };
		F739185A1EE44AD800949727 /* Roboto-Thin.ttf in Resources */ = {isa = PBXBuildFile; fileRef = F739184E1EE44AD800949727 /* Roboto-Thin.ttf */; };
		F739185B1EE44AD800949727 /* Roboto-ThinItalic.ttf in Resources */ = {isa = PBXBuildFile; fileRef = F739184F1EE44AD800949727 /* Roboto-ThinItalic.ttf */; };
		F78205D01EE28DED0074792A /* AppDelegate.swift in Sources */ = {isa = PBXBuildFile; fileRef = F78205CF1EE28DED0074792A /* AppDelegate.swift */; };
		F78205D21EE28DED0074792A /* YoutubeViewController.swift in Sources */ = {isa = PBXBuildFile; fileRef = F78205D11EE28DED0074792A /* YoutubeViewController.swift */; };
		F78205D51EE28DED0074792A /* Main.storyboard in Resources */ = {isa = PBXBuildFile; fileRef = F78205D31EE28DED0074792A /* Main.storyboard */; };
		F78205D71EE28DED0074792A /* Assets.xcassets in Resources */ = {isa = PBXBuildFile; fileRef = F78205D61EE28DED0074792A /* Assets.xcassets */; };
		F78205DA1EE28DED0074792A /* LaunchScreen.storyboard in Resources */ = {isa = PBXBuildFile; fileRef = F78205D81EE28DED0074792A /* LaunchScreen.storyboard */; };
		F78205E51EE28DED0074792A /* NeuRadioTests.swift in Sources */ = {isa = PBXBuildFile; fileRef = F78205E41EE28DED0074792A /* NeuRadioTests.swift */; };
		F78205F01EE28DED0074792A /* NeuRadioUITests.swift in Sources */ = {isa = PBXBuildFile; fileRef = F78205EF1EE28DED0074792A /* NeuRadioUITests.swift */; };
		F78206061EE2AD3F0074792A /* UIColor+Helper.swift in Sources */ = {isa = PBXBuildFile; fileRef = F78206051EE2AD3F0074792A /* UIColor+Helper.swift */; };
		F782060B1EE333C50074792A /* MainTabBarViewController.swift in Sources */ = {isa = PBXBuildFile; fileRef = F782060A1EE333C50074792A /* MainTabBarViewController.swift */; };
		F782060D1EE335140074792A /* HomeViewController.swift in Sources */ = {isa = PBXBuildFile; fileRef = F782060C1EE335140074792A /* HomeViewController.swift */; };
		F782060F1EE335290074792A /* FacebookViewController.swift in Sources */ = {isa = PBXBuildFile; fileRef = F782060E1EE335290074792A /* FacebookViewController.swift */; };
		F78206111EE335390074792A /* InstagramViewController.swift in Sources */ = {isa = PBXBuildFile; fileRef = F78206101EE335390074792A /* InstagramViewController.swift */; };
		F78206131EE335460074792A /* MusicViewController.swift in Sources */ = {isa = PBXBuildFile; fileRef = F78206121EE335460074792A /* MusicViewController.swift */; };
		F78206151EE335C70074792A /* Constant.swift in Sources */ = {isa = PBXBuildFile; fileRef = F78206141EE335C70074792A /* Constant.swift */; };
		F78206171EE336DB0074792A /* MainNavigationViewController.swift in Sources */ = {isa = PBXBuildFile; fileRef = F78206161EE336DB0074792A /* MainNavigationViewController.swift */; };
		F7D7E0FB1EE3FDF1008F0439 /* CoverFacebookTableViewCell.swift in Sources */ = {isa = PBXBuildFile; fileRef = F7D7E0FA1EE3FDF1008F0439 /* CoverFacebookTableViewCell.swift */; };
/* End PBXBuildFile section */

/* Begin PBXContainerItemProxy section */
		F78205E11EE28DED0074792A /* PBXContainerItemProxy */ = {
			isa = PBXContainerItemProxy;
			containerPortal = F78205C41EE28DED0074792A /* Project object */;
			proxyType = 1;
			remoteGlobalIDString = F78205CB1EE28DED0074792A;
			remoteInfo = NeuRadio;
		};
		F78205EC1EE28DED0074792A /* PBXContainerItemProxy */ = {
			isa = PBXContainerItemProxy;
			containerPortal = F78205C41EE28DED0074792A /* Project object */;
			proxyType = 1;
			remoteGlobalIDString = F78205CB1EE28DED0074792A;
			remoteInfo = NeuRadio;
		};
/* End PBXContainerItemProxy section */

/* Begin PBXFileReference section */
		0B68D1E3BD988940499C0E32 /* Pods-Neu Radio.debug.xcconfig */ = {isa = PBXFileReference; includeInIndex = 1; lastKnownFileType = text.xcconfig; name = "Pods-Neu Radio.debug.xcconfig"; path = "Pods/Target Support Files/Pods-Neu Radio/Pods-Neu Radio.debug.xcconfig"; sourceTree = "<group>"; };
		2C1164CDD50A8D7614998FE3 /* Pods_Neu_RadioTests.framework */ = {isa = PBXFileReference; explicitFileType = wrapper.framework; includeInIndex = 0; path = Pods_Neu_RadioTests.framework; sourceTree = BUILT_PRODUCTS_DIR; };
		929C25F6DE0053F5EE78F60D /* Pods_Neu_RadioUITests.framework */ = {isa = PBXFileReference; explicitFileType = wrapper.framework; includeInIndex = 0; path = Pods_Neu_RadioUITests.framework; sourceTree = BUILT_PRODUCTS_DIR; };
		C858CB82301A0D5DDFC2034B /* Pods_Neu_Radio.framework */ = {isa = PBXFileReference; explicitFileType = wrapper.framework; includeInIndex = 0; path = Pods_Neu_Radio.framework; sourceTree = BUILT_PRODUCTS_DIR; };
		EF6E9E2F1A016789C3CE64A8 /* Pods-Neu Radio.release.xcconfig */ = {isa = PBXFileReference; includeInIndex = 1; lastKnownFileType = text.xcconfig; name = "Pods-Neu Radio.release.xcconfig"; path = "Pods/Target Support Files/Pods-Neu Radio/Pods-Neu Radio.release.xcconfig"; sourceTree = "<group>"; };
		F73918411EE4407000949727 /* PostFacebookTableViewCell.swift */ = {isa = PBXFileReference; fileEncoding = 4; lastKnownFileType = sourcecode.swift; name = PostFacebookTableViewCell.swift; path = Views/PostFacebookTableViewCell.swift; sourceTree = "<group>"; };
		F73918441EE44AD800949727 /* Roboto-Black.ttf */ = {isa = PBXFileReference; lastKnownFileType = file; name = "Roboto-Black.ttf"; path = "Utility/Fonts/Roboto-Black.ttf"; sourceTree = "<group>"; };
		F73918451EE44AD800949727 /* Roboto-BlackItalic.ttf */ = {isa = PBXFileReference; lastKnownFileType = file; name = "Roboto-BlackItalic.ttf"; path = "Utility/Fonts/Roboto-BlackItalic.ttf"; sourceTree = "<group>"; };
		F73918461EE44AD800949727 /* Roboto-Bold.ttf */ = {isa = PBXFileReference; lastKnownFileType = file; name = "Roboto-Bold.ttf"; path = "Utility/Fonts/Roboto-Bold.ttf"; sourceTree = "<group>"; };
		F73918471EE44AD800949727 /* Roboto-BoldItalic.ttf */ = {isa = PBXFileReference; lastKnownFileType = file; name = "Roboto-BoldItalic.ttf"; path = "Utility/Fonts/Roboto-BoldItalic.ttf"; sourceTree = "<group>"; };
		F73918481EE44AD800949727 /* Roboto-Italic.ttf */ = {isa = PBXFileReference; lastKnownFileType = file; name = "Roboto-Italic.ttf"; path = "Utility/Fonts/Roboto-Italic.ttf"; sourceTree = "<group>"; };
		F73918491EE44AD800949727 /* Roboto-Light.ttf */ = {isa = PBXFileReference; lastKnownFileType = file; name = "Roboto-Light.ttf"; path = "Utility/Fonts/Roboto-Light.ttf"; sourceTree = "<group>"; };
		F739184A1EE44AD800949727 /* Roboto-LightItalic.ttf */ = {isa = PBXFileReference; lastKnownFileType = file; name = "Roboto-LightItalic.ttf"; path = "Utility/Fonts/Roboto-LightItalic.ttf"; sourceTree = "<group>"; };
		F739184B1EE44AD800949727 /* Roboto-Medium.ttf */ = {isa = PBXFileReference; lastKnownFileType = file; name = "Roboto-Medium.ttf"; path = "Utility/Fonts/Roboto-Medium.ttf"; sourceTree = "<group>"; };
		F739184C1EE44AD800949727 /* Roboto-MediumItalic.ttf */ = {isa = PBXFileReference; lastKnownFileType = file; name = "Roboto-MediumItalic.ttf"; path = "Utility/Fonts/Roboto-MediumItalic.ttf"; sourceTree = "<group>"; };
		F739184D1EE44AD800949727 /* Roboto-Regular.ttf */ = {isa = PBXFileReference; lastKnownFileType = file; name = "Roboto-Regular.ttf"; path = "Utility/Fonts/Roboto-Regular.ttf"; sourceTree = "<group>"; };
		F739184E1EE44AD800949727 /* Roboto-Thin.ttf */ = {isa = PBXFileReference; lastKnownFileType = file; name = "Roboto-Thin.ttf"; path = "Utility/Fonts/Roboto-Thin.ttf"; sourceTree = "<group>"; };
		F739184F1EE44AD800949727 /* Roboto-ThinItalic.ttf */ = {isa = PBXFileReference; lastKnownFileType = file; name = "Roboto-ThinItalic.ttf"; path = "Utility/Fonts/Roboto-ThinItalic.ttf"; sourceTree = "<group>"; };
		F78205CC1EE28DED0074792A /* Neu Radio.app */ = {isa = PBXFileReference; explicitFileType = wrapper.application; includeInIndex = 0; path = "Neu Radio.app"; sourceTree = BUILT_PRODUCTS_DIR; };
		F78205CF1EE28DED0074792A /* AppDelegate.swift */ = {isa = PBXFileReference; lastKnownFileType = sourcecode.swift; path = AppDelegate.swift; sourceTree = "<group>"; };
		F78205D11EE28DED0074792A /* YoutubeViewController.swift */ = {isa = PBXFileReference; lastKnownFileType = sourcecode.swift; path = YoutubeViewController.swift; sourceTree = "<group>"; };
		F78205D41EE28DED0074792A /* Base */ = {isa = PBXFileReference; lastKnownFileType = file.storyboard; name = Base; path = Base.lproj/Main.storyboard; sourceTree = "<group>"; };
		F78205D61EE28DED0074792A /* Assets.xcassets */ = {isa = PBXFileReference; lastKnownFileType = folder.assetcatalog; path = Assets.xcassets; sourceTree = "<group>"; };
		F78205D91EE28DED0074792A /* Base */ = {isa = PBXFileReference; lastKnownFileType = file.storyboard; name = Base; path = Base.lproj/LaunchScreen.storyboard; sourceTree = "<group>"; };
		F78205DB1EE28DED0074792A /* Info.plist */ = {isa = PBXFileReference; lastKnownFileType = text.plist.xml; path = Info.plist; sourceTree = "<group>"; };
		F78205E01EE28DED0074792A /* Neu RadioTests.xctest */ = {isa = PBXFileReference; explicitFileType = wrapper.cfbundle; includeInIndex = 0; path = "Neu RadioTests.xctest"; sourceTree = BUILT_PRODUCTS_DIR; };
		F78205E41EE28DED0074792A /* NeuRadioTests.swift */ = {isa = PBXFileReference; lastKnownFileType = sourcecode.swift; path = NeuRadioTests.swift; sourceTree = "<group>"; };
		F78205E61EE28DED0074792A /* Info.plist */ = {isa = PBXFileReference; lastKnownFileType = text.plist.xml; path = Info.plist; sourceTree = "<group>"; };
		F78205EB1EE28DED0074792A /* Neu RadioUITests.xctest */ = {isa = PBXFileReference; explicitFileType = wrapper.cfbundle; includeInIndex = 0; path = "Neu RadioUITests.xctest"; sourceTree = BUILT_PRODUCTS_DIR; };
		F78205EF1EE28DED0074792A /* NeuRadioUITests.swift */ = {isa = PBXFileReference; lastKnownFileType = sourcecode.swift; path = NeuRadioUITests.swift; sourceTree = "<group>"; };
		F78205F11EE28DED0074792A /* Info.plist */ = {isa = PBXFileReference; lastKnownFileType = text.plist.xml; path = Info.plist; sourceTree = "<group>"; };
		F78206051EE2AD3F0074792A /* UIColor+Helper.swift */ = {isa = PBXFileReference; fileEncoding = 4; lastKnownFileType = sourcecode.swift; name = "UIColor+Helper.swift"; path = "Utility/Categories/UIColor+Helper.swift"; sourceTree = "<group>"; };
		F782060A1EE333C50074792A /* MainTabBarViewController.swift */ = {isa = PBXFileReference; fileEncoding = 4; lastKnownFileType = sourcecode.swift; name = MainTabBarViewController.swift; path = Controllers/MainTabBarViewController.swift; sourceTree = "<group>"; };
		F782060C1EE335140074792A /* HomeViewController.swift */ = {isa = PBXFileReference; fileEncoding = 4; lastKnownFileType = sourcecode.swift; name = HomeViewController.swift; path = Controllers/HomeViewController.swift; sourceTree = "<group>"; };
		F782060E1EE335290074792A /* FacebookViewController.swift */ = {isa = PBXFileReference; fileEncoding = 4; lastKnownFileType = sourcecode.swift; name = FacebookViewController.swift; path = Controllers/FacebookViewController.swift; sourceTree = "<group>"; };
		F78206101EE335390074792A /* InstagramViewController.swift */ = {isa = PBXFileReference; fileEncoding = 4; lastKnownFileType = sourcecode.swift; name = InstagramViewController.swift; path = Controllers/InstagramViewController.swift; sourceTree = "<group>"; };
		F78206121EE335460074792A /* MusicViewController.swift */ = {isa = PBXFileReference; fileEncoding = 4; lastKnownFileType = sourcecode.swift; name = MusicViewController.swift; path = Controllers/MusicViewController.swift; sourceTree = "<group>"; };
		F78206141EE335C70074792A /* Constant.swift */ = {isa = PBXFileReference; fileEncoding = 4; lastKnownFileType = sourcecode.swift; name = Constant.swift; path = Utility/Constant.swift; sourceTree = "<group>"; };
		F78206161EE336DB0074792A /* MainNavigationViewController.swift */ = {isa = PBXFileReference; fileEncoding = 4; lastKnownFileType = sourcecode.swift; name = MainNavigationViewController.swift; path = Controllers/MainNavigationViewController.swift; sourceTree = "<group>"; };
		F7D7E0FA1EE3FDF1008F0439 /* CoverFacebookTableViewCell.swift */ = {isa = PBXFileReference; fileEncoding = 4; lastKnownFileType = sourcecode.swift; name = CoverFacebookTableViewCell.swift; path = Views/CoverFacebookTableViewCell.swift; sourceTree = "<group>"; };
/* End PBXFileReference section */

/* Begin PBXFrameworksBuildPhase section */
		F78205C91EE28DED0074792A /* Frameworks */ = {
			isa = PBXFrameworksBuildPhase;
			buildActionMask = 2147483647;
			files = (
				B97E139036BBCCCB6C10D682 /* Pods_Neu_Radio.framework in Frameworks */,
			);
			runOnlyForDeploymentPostprocessing = 0;
		};
		F78205DD1EE28DED0074792A /* Frameworks */ = {
			isa = PBXFrameworksBuildPhase;
			buildActionMask = 2147483647;
			files = (
			);
			runOnlyForDeploymentPostprocessing = 0;
		};
		F78205E81EE28DED0074792A /* Frameworks */ = {
			isa = PBXFrameworksBuildPhase;
			buildActionMask = 2147483647;
			files = (
			);
			runOnlyForDeploymentPostprocessing = 0;
		};
/* End PBXFrameworksBuildPhase section */

/* Begin PBXGroup section */
		776217303F65F1C9FCEF73D8 /* Pods */ = {
			isa = PBXGroup;
			children = (
				0B68D1E3BD988940499C0E32 /* Pods-Neu Radio.debug.xcconfig */,
				EF6E9E2F1A016789C3CE64A8 /* Pods-Neu Radio.release.xcconfig */,
			);
			name = Pods;
			sourceTree = "<group>";
		};
		AB3D0858950079020211EEEE /* Frameworks */ = {
			isa = PBXGroup;
			children = (
				C858CB82301A0D5DDFC2034B /* Pods_Neu_Radio.framework */,
				2C1164CDD50A8D7614998FE3 /* Pods_Neu_RadioTests.framework */,
				929C25F6DE0053F5EE78F60D /* Pods_Neu_RadioUITests.framework */,
			);
			name = Frameworks;
			sourceTree = "<group>";
		};
		F73918431EE44A7400949727 /* Fonts */ = {
			isa = PBXGroup;
			children = (
				F73918441EE44AD800949727 /* Roboto-Black.ttf */,
				F73918451EE44AD800949727 /* Roboto-BlackItalic.ttf */,
				F73918461EE44AD800949727 /* Roboto-Bold.ttf */,
				F73918471EE44AD800949727 /* Roboto-BoldItalic.ttf */,
				F73918481EE44AD800949727 /* Roboto-Italic.ttf */,
				F73918491EE44AD800949727 /* Roboto-Light.ttf */,
				F739184A1EE44AD800949727 /* Roboto-LightItalic.ttf */,
				F739184B1EE44AD800949727 /* Roboto-Medium.ttf */,
				F739184C1EE44AD800949727 /* Roboto-MediumItalic.ttf */,
				F739184D1EE44AD800949727 /* Roboto-Regular.ttf */,
				F739184E1EE44AD800949727 /* Roboto-Thin.ttf */,
				F739184F1EE44AD800949727 /* Roboto-ThinItalic.ttf */,
			);
			name = Fonts;
			sourceTree = "<group>";
		};
		F78205C31EE28DED0074792A = {
			isa = PBXGroup;
			children = (
				F78205CE1EE28DED0074792A /* NeuRadio */,
				F78205E31EE28DED0074792A /* NeuRadioTests */,
				F78205EE1EE28DED0074792A /* NeuRadioUITests */,
				F78205CD1EE28DED0074792A /* Products */,
				776217303F65F1C9FCEF73D8 /* Pods */,
				AB3D0858950079020211EEEE /* Frameworks */,
			);
			sourceTree = "<group>";
		};
		F78205CD1EE28DED0074792A /* Products */ = {
			isa = PBXGroup;
			children = (
				F78205CC1EE28DED0074792A /* Neu Radio.app */,
				F78205E01EE28DED0074792A /* Neu RadioTests.xctest */,
				F78205EB1EE28DED0074792A /* Neu RadioUITests.xctest */,
			);
			name = Products;
			sourceTree = "<group>";
		};
		F78205CE1EE28DED0074792A /* NeuRadio */ = {
			isa = PBXGroup;
			children = (
				F7D7E0F91EE3FDCC008F0439 /* Views */,
				F78206091EE2B12A0074792A /* Storyboards */,
				F78206081EE2B1190074792A /* Controllers */,
				F78206071EE2B1130074792A /* Models */,
				F78205FD1EE2AB430074792A /* Utility */,
				F78205CF1EE28DED0074792A /* AppDelegate.swift */,
				F78205D31EE28DED0074792A /* Main.storyboard */,
				F78205D61EE28DED0074792A /* Assets.xcassets */,
				F78205D81EE28DED0074792A /* LaunchScreen.storyboard */,
				F78205DB1EE28DED0074792A /* Info.plist */,
			);
			path = NeuRadio;
			sourceTree = "<group>";
		};
		F78205E31EE28DED0074792A /* NeuRadioTests */ = {
			isa = PBXGroup;
			children = (
				F78205E41EE28DED0074792A /* NeuRadioTests.swift */,
				F78205E61EE28DED0074792A /* Info.plist */,
			);
			path = NeuRadioTests;
			sourceTree = "<group>";
		};
		F78205EE1EE28DED0074792A /* NeuRadioUITests */ = {
			isa = PBXGroup;
			children = (
				F78205EF1EE28DED0074792A /* NeuRadioUITests.swift */,
				F78205F11EE28DED0074792A /* Info.plist */,
			);
			path = NeuRadioUITests;
			sourceTree = "<group>";
		};
		F78205FD1EE2AB430074792A /* Utility */ = {
			isa = PBXGroup;
			children = (
				F73918431EE44A7400949727 /* Fonts */,
				F78205FE1EE2AB7F0074792A /* Categories */,
				F78206141EE335C70074792A /* Constant.swift */,
			);
			name = Utility;
			sourceTree = "<group>";
		};
		F78205FE1EE2AB7F0074792A /* Categories */ = {
			isa = PBXGroup;
			children = (
				F78206051EE2AD3F0074792A /* UIColor+Helper.swift */,
			);
			name = Categories;
			sourceTree = "<group>";
		};
		F78206071EE2B1130074792A /* Models */ = {
			isa = PBXGroup;
			children = (
			);
			name = Models;
			sourceTree = "<group>";
		};
		F78206081EE2B1190074792A /* Controllers */ = {
			isa = PBXGroup;
			children = (
				F782060A1EE333C50074792A /* MainTabBarViewController.swift */,
				F78205D11EE28DED0074792A /* YoutubeViewController.swift */,
				F782060C1EE335140074792A /* HomeViewController.swift */,
				F782060E1EE335290074792A /* FacebookViewController.swift */,
				F78206101EE335390074792A /* InstagramViewController.swift */,
				F78206121EE335460074792A /* MusicViewController.swift */,
				F78206161EE336DB0074792A /* MainNavigationViewController.swift */,
			);
			name = Controllers;
			sourceTree = "<group>";
		};
		F78206091EE2B12A0074792A /* Storyboards */ = {
			isa = PBXGroup;
			children = (
			);
			name = Storyboards;
			sourceTree = "<group>";
		};
		F7D7E0F91EE3FDCC008F0439 /* Views */ = {
			isa = PBXGroup;
			children = (
				F7D7E0FA1EE3FDF1008F0439 /* CoverFacebookTableViewCell.swift */,
				F73918411EE4407000949727 /* PostFacebookTableViewCell.swift */,
			);
			name = Views;
			sourceTree = "<group>";
		};
/* End PBXGroup section */

/* Begin PBXNativeTarget section */
		F78205CB1EE28DED0074792A /* Neu Radio */ = {
			isa = PBXNativeTarget;
			buildConfigurationList = F78205F41EE28DED0074792A /* Build configuration list for PBXNativeTarget "Neu Radio" */;
			buildPhases = (
				0E17B355E8BB4A7D84178052 /* [CP] Check Pods Manifest.lock */,
				F78205C81EE28DED0074792A /* Sources */,
				F78205C91EE28DED0074792A /* Frameworks */,
				F78205CA1EE28DED0074792A /* Resources */,
				4E054186DB11F12343B3D7FC /* [CP] Embed Pods Frameworks */,
				6AAFD7B994E46D5351F867AE /* [CP] Copy Pods Resources */,
			);
			buildRules = (
			);
			dependencies = (
			);
			name = "Neu Radio";
			productName = NeuRadio;
			productReference = F78205CC1EE28DED0074792A /* Neu Radio.app */;
			productType = "com.apple.product-type.application";
		};
		F78205DF1EE28DED0074792A /* Neu RadioTests */ = {
			isa = PBXNativeTarget;
			buildConfigurationList = F78205F71EE28DED0074792A /* Build configuration list for PBXNativeTarget "Neu RadioTests" */;
			buildPhases = (
				F78205DC1EE28DED0074792A /* Sources */,
				F78205DD1EE28DED0074792A /* Frameworks */,
				F78205DE1EE28DED0074792A /* Resources */,
			);
			buildRules = (
			);
			dependencies = (
				F78205E21EE28DED0074792A /* PBXTargetDependency */,
			);
			name = "Neu RadioTests";
			productName = NeuRadioTests;
			productReference = F78205E01EE28DED0074792A /* Neu RadioTests.xctest */;
			productType = "com.apple.product-type.bundle.unit-test";
		};
		F78205EA1EE28DED0074792A /* Neu RadioUITests */ = {
			isa = PBXNativeTarget;
			buildConfigurationList = F78205FA1EE28DED0074792A /* Build configuration list for PBXNativeTarget "Neu RadioUITests" */;
			buildPhases = (
				F78205E71EE28DED0074792A /* Sources */,
				F78205E81EE28DED0074792A /* Frameworks */,
				F78205E91EE28DED0074792A /* Resources */,
			);
			buildRules = (
			);
			dependencies = (
				F78205ED1EE28DED0074792A /* PBXTargetDependency */,
			);
			name = "Neu RadioUITests";
			productName = NeuRadioUITests;
			productReference = F78205EB1EE28DED0074792A /* Neu RadioUITests.xctest */;
			productType = "com.apple.product-type.bundle.ui-testing";
		};
/* End PBXNativeTarget section */

/* Begin PBXProject section */
		F78205C41EE28DED0074792A /* Project object */ = {
			isa = PBXProject;
			attributes = {
				LastSwiftUpdateCheck = 0830;
				LastUpgradeCheck = 0830;
				ORGANIZATIONNAME = minhvo;
				TargetAttributes = {
					F78205CB1EE28DED0074792A = {
						CreatedOnToolsVersion = 8.3.2;
						DevelopmentTeam = 6P784AZCKD;
						ProvisioningStyle = Automatic;
					};
					F78205DF1EE28DED0074792A = {
						CreatedOnToolsVersion = 8.3.2;
						DevelopmentTeam = 6P784AZCKD;
						ProvisioningStyle = Automatic;
						TestTargetID = F78205CB1EE28DED0074792A;
					};
					F78205EA1EE28DED0074792A = {
						CreatedOnToolsVersion = 8.3.2;
						DevelopmentTeam = 6P784AZCKD;
						ProvisioningStyle = Automatic;
						TestTargetID = F78205CB1EE28DED0074792A;
					};
				};
			};
			buildConfigurationList = F78205C71EE28DED0074792A /* Build configuration list for PBXProject "Neu Radio" */;
			compatibilityVersion = "Xcode 3.2";
			developmentRegion = English;
			hasScannedForEncodings = 0;
			knownRegions = (
				en,
				Base,
			);
			mainGroup = F78205C31EE28DED0074792A;
			productRefGroup = F78205CD1EE28DED0074792A /* Products */;
			projectDirPath = "";
			projectRoot = "";
			targets = (
				F78205CB1EE28DED0074792A /* Neu Radio */,
				F78205DF1EE28DED0074792A /* Neu RadioTests */,
				F78205EA1EE28DED0074792A /* Neu RadioUITests */,
			);
		};
/* End PBXProject section */

/* Begin PBXResourcesBuildPhase section */
		F78205CA1EE28DED0074792A /* Resources */ = {
			isa = PBXResourcesBuildPhase;
			buildActionMask = 2147483647;
			files = (
				F739185B1EE44AD800949727 /* Roboto-ThinItalic.ttf in Resources */,
				F739185A1EE44AD800949727 /* Roboto-Thin.ttf in Resources */,
				F78205DA1EE28DED0074792A /* LaunchScreen.storyboard in Resources */,
				F78205D71EE28DED0074792A /* Assets.xcassets in Resources */,
				F73918561EE44AD800949727 /* Roboto-LightItalic.ttf in Resources */,
				F73918521EE44AD800949727 /* Roboto-Bold.ttf in Resources */,
				F73918581EE44AD800949727 /* Roboto-MediumItalic.ttf in Resources */,
				F73918511EE44AD800949727 /* Roboto-BlackItalic.ttf in Resources */,
				F78205D51EE28DED0074792A /* Main.storyboard in Resources */,
				F73918541EE44AD800949727 /* Roboto-Italic.ttf in Resources */,
				F73918531EE44AD800949727 /* Roboto-BoldItalic.ttf in Resources */,
				F73918571EE44AD800949727 /* Roboto-Medium.ttf in Resources */,
				F73918591EE44AD800949727 /* Roboto-Regular.ttf in Resources */,
				F73918501EE44AD800949727 /* Roboto-Black.ttf in Resources */,
				F73918551EE44AD800949727 /* Roboto-Light.ttf in Resources */,
			);
			runOnlyForDeploymentPostprocessing = 0;
		};
		F78205DE1EE28DED0074792A /* Resources */ = {
			isa = PBXResourcesBuildPhase;
			buildActionMask = 2147483647;
			files = (
			);
			runOnlyForDeploymentPostprocessing = 0;
		};
		F78205E91EE28DED0074792A /* Resources */ = {
			isa = PBXResourcesBuildPhase;
			buildActionMask = 2147483647;
			files = (
			);
			runOnlyForDeploymentPostprocessing = 0;
		};
/* End PBXResourcesBuildPhase section */

/* Begin PBXShellScriptBuildPhase section */
		0E17B355E8BB4A7D84178052 /* [CP] Check Pods Manifest.lock */ = {
			isa = PBXShellScriptBuildPhase;
			buildActionMask = 2147483647;
			files = (
			);
			inputPaths = (
			);
			name = "[CP] Check Pods Manifest.lock";
			outputPaths = (
			);
			runOnlyForDeploymentPostprocessing = 0;
			shellPath = /bin/sh;
			shellScript = "diff \"${PODS_PODFILE_DIR_PATH}/Podfile.lock\" \"${PODS_ROOT}/Manifest.lock\" > /dev/null\nif [ $? != 0 ] ; then\n    # print error to STDERR\n    echo \"error: The sandbox is not in sync with the Podfile.lock. Run 'pod install' or update your CocoaPods installation.\" >&2\n    exit 1\nfi\n";
			showEnvVarsInLog = 0;
		};
		4E054186DB11F12343B3D7FC /* [CP] Embed Pods Frameworks */ = {
			isa = PBXShellScriptBuildPhase;
			buildActionMask = 2147483647;
			files = (
			);
			inputPaths = (
			);
			name = "[CP] Embed Pods Frameworks";
			outputPaths = (
			);
			runOnlyForDeploymentPostprocessing = 0;
			shellPath = /bin/sh;
			shellScript = "\"${SRCROOT}/Pods/Target Support Files/Pods-Neu Radio/Pods-Neu Radio-frameworks.sh\"\n";
			showEnvVarsInLog = 0;
		};
		6AAFD7B994E46D5351F867AE /* [CP] Copy Pods Resources */ = {
			isa = PBXShellScriptBuildPhase;
			buildActionMask = 2147483647;
			files = (
			);
			inputPaths = (
			);
			name = "[CP] Copy Pods Resources";
			outputPaths = (
			);
			runOnlyForDeploymentPostprocessing = 0;
			shellPath = /bin/sh;
			shellScript = "\"${SRCROOT}/Pods/Target Support Files/Pods-Neu Radio/Pods-Neu Radio-resources.sh\"\n";
			showEnvVarsInLog = 0;
		};
/* End PBXShellScriptBuildPhase section */

/* Begin PBXSourcesBuildPhase section */
		F78205C81EE28DED0074792A /* Sources */ = {
			isa = PBXSourcesBuildPhase;
			buildActionMask = 2147483647;
			files = (
				F782060D1EE335140074792A /* HomeViewController.swift in Sources */,
				F78205D21EE28DED0074792A /* YoutubeViewController.swift in Sources */,
				F78206151EE335C70074792A /* Constant.swift in Sources */,
				F782060F1EE335290074792A /* FacebookViewController.swift in Sources */,
				F78206111EE335390074792A /* InstagramViewController.swift in Sources */,
				F73918421EE4407000949727 /* PostFacebookTableViewCell.swift in Sources */,
				F78206171EE336DB0074792A /* MainNavigationViewController.swift in Sources */,
				F78206131EE335460074792A /* MusicViewController.swift in Sources */,
				F782060B1EE333C50074792A /* MainTabBarViewController.swift in Sources */,
				F78205D01EE28DED0074792A /* AppDelegate.swift in Sources */,
				F7D7E0FB1EE3FDF1008F0439 /* CoverFacebookTableViewCell.swift in Sources */,
				F78206061EE2AD3F0074792A /* UIColor+Helper.swift in Sources */,
			);
			runOnlyForDeploymentPostprocessing = 0;
		};
		F78205DC1EE28DED0074792A /* Sources */ = {
			isa = PBXSourcesBuildPhase;
			buildActionMask = 2147483647;
			files = (
				F78205E51EE28DED0074792A /* NeuRadioTests.swift in Sources */,
			);
			runOnlyForDeploymentPostprocessing = 0;
		};
		F78205E71EE28DED0074792A /* Sources */ = {
			isa = PBXSourcesBuildPhase;
			buildActionMask = 2147483647;
			files = (
				F78205F01EE28DED0074792A /* NeuRadioUITests.swift in Sources */,
			);
			runOnlyForDeploymentPostprocessing = 0;
		};
/* End PBXSourcesBuildPhase section */

/* Begin PBXTargetDependency section */
		F78205E21EE28DED0074792A /* PBXTargetDependency */ = {
			isa = PBXTargetDependency;
			target = F78205CB1EE28DED0074792A /* Neu Radio */;
			targetProxy = F78205E11EE28DED0074792A /* PBXContainerItemProxy */;
		};
		F78205ED1EE28DED0074792A /* PBXTargetDependency */ = {
			isa = PBXTargetDependency;
			target = F78205CB1EE28DED0074792A /* Neu Radio */;
			targetProxy = F78205EC1EE28DED0074792A /* PBXContainerItemProxy */;
		};
/* End PBXTargetDependency section */

/* Begin PBXVariantGroup section */
		F78205D31EE28DED0074792A /* Main.storyboard */ = {
			isa = PBXVariantGroup;
			children = (
				F78205D41EE28DED0074792A /* Base */,
			);
			name = Main.storyboard;
			sourceTree = "<group>";
		};
		F78205D81EE28DED0074792A /* LaunchScreen.storyboard */ = {
			isa = PBXVariantGroup;
			children = (
				F78205D91EE28DED0074792A /* Base */,
			);
			name = LaunchScreen.storyboard;
			sourceTree = "<group>";
		};
/* End PBXVariantGroup section */

/* Begin XCBuildConfiguration section */
		F78205F21EE28DED0074792A /* Debug */ = {
			isa = XCBuildConfiguration;
			buildSettings = {
				ALWAYS_SEARCH_USER_PATHS = NO;
				CLANG_ANALYZER_NONNULL = YES;
				CLANG_ANALYZER_NUMBER_OBJECT_CONVERSION = YES_AGGRESSIVE;
				CLANG_CXX_LANGUAGE_STANDARD = "gnu++0x";
				CLANG_CXX_LIBRARY = "libc++";
				CLANG_ENABLE_MODULES = YES;
				CLANG_ENABLE_OBJC_ARC = YES;
				CLANG_WARN_BOOL_CONVERSION = YES;
				CLANG_WARN_CONSTANT_CONVERSION = YES;
				CLANG_WARN_DIRECT_OBJC_ISA_USAGE = YES_ERROR;
				CLANG_WARN_DOCUMENTATION_COMMENTS = YES;
				CLANG_WARN_EMPTY_BODY = YES;
				CLANG_WARN_ENUM_CONVERSION = YES;
				CLANG_WARN_INFINITE_RECURSION = YES;
				CLANG_WARN_INT_CONVERSION = YES;
				CLANG_WARN_OBJC_ROOT_CLASS = YES_ERROR;
				CLANG_WARN_SUSPICIOUS_MOVE = YES;
				CLANG_WARN_UNREACHABLE_CODE = YES;
				CLANG_WARN__DUPLICATE_METHOD_MATCH = YES;
				"CODE_SIGN_IDENTITY[sdk=iphoneos*]" = "iPhone Developer";
				COPY_PHASE_STRIP = NO;
				DEBUG_INFORMATION_FORMAT = dwarf;
				ENABLE_STRICT_OBJC_MSGSEND = YES;
				ENABLE_TESTABILITY = YES;
				GCC_C_LANGUAGE_STANDARD = gnu99;
				GCC_DYNAMIC_NO_PIC = NO;
				GCC_NO_COMMON_BLOCKS = YES;
				GCC_OPTIMIZATION_LEVEL = 0;
				GCC_PREPROCESSOR_DEFINITIONS = (
					"DEBUG=1",
					"$(inherited)",
				);
				GCC_WARN_64_TO_32_BIT_CONVERSION = YES;
				GCC_WARN_ABOUT_RETURN_TYPE = YES_ERROR;
				GCC_WARN_UNDECLARED_SELECTOR = YES;
				GCC_WARN_UNINITIALIZED_AUTOS = YES_AGGRESSIVE;
				GCC_WARN_UNUSED_FUNCTION = YES;
				GCC_WARN_UNUSED_VARIABLE = YES;
				IPHONEOS_DEPLOYMENT_TARGET = 10.3;
				MTL_ENABLE_DEBUG_INFO = YES;
				ONLY_ACTIVE_ARCH = YES;
				SDKROOT = iphoneos;
				SWIFT_ACTIVE_COMPILATION_CONDITIONS = DEBUG;
				SWIFT_OPTIMIZATION_LEVEL = "-Onone";
				TARGETED_DEVICE_FAMILY = "1,2";
			};
			name = Debug;
		};
		F78205F31EE28DED0074792A /* Release */ = {
			isa = XCBuildConfiguration;
			buildSettings = {
				ALWAYS_SEARCH_USER_PATHS = NO;
				CLANG_ANALYZER_NONNULL = YES;
				CLANG_ANALYZER_NUMBER_OBJECT_CONVERSION = YES_AGGRESSIVE;
				CLANG_CXX_LANGUAGE_STANDARD = "gnu++0x";
				CLANG_CXX_LIBRARY = "libc++";
				CLANG_ENABLE_MODULES = YES;
				CLANG_ENABLE_OBJC_ARC = YES;
				CLANG_WARN_BOOL_CONVERSION = YES;
				CLANG_WARN_CONSTANT_CONVERSION = YES;
				CLANG_WARN_DIRECT_OBJC_ISA_USAGE = YES_ERROR;
				CLANG_WARN_DOCUMENTATION_COMMENTS = YES;
				CLANG_WARN_EMPTY_BODY = YES;
				CLANG_WARN_ENUM_CONVERSION = YES;
				CLANG_WARN_INFINITE_RECURSION = YES;
				CLANG_WARN_INT_CONVERSION = YES;
				CLANG_WARN_OBJC_ROOT_CLASS = YES_ERROR;
				CLANG_WARN_SUSPICIOUS_MOVE = YES;
				CLANG_WARN_UNREACHABLE_CODE = YES;
				CLANG_WARN__DUPLICATE_METHOD_MATCH = YES;
				"CODE_SIGN_IDENTITY[sdk=iphoneos*]" = "iPhone Developer";
				COPY_PHASE_STRIP = NO;
				DEBUG_INFORMATION_FORMAT = "dwarf-with-dsym";
				ENABLE_NS_ASSERTIONS = NO;
				ENABLE_STRICT_OBJC_MSGSEND = YES;
				GCC_C_LANGUAGE_STANDARD = gnu99;
				GCC_NO_COMMON_BLOCKS = YES;
				GCC_WARN_64_TO_32_BIT_CONVERSION = YES;
				GCC_WARN_ABOUT_RETURN_TYPE = YES_ERROR;
				GCC_WARN_UNDECLARED_SELECTOR = YES;
				GCC_WARN_UNINITIALIZED_AUTOS = YES_AGGRESSIVE;
				GCC_WARN_UNUSED_FUNCTION = YES;
				GCC_WARN_UNUSED_VARIABLE = YES;
				IPHONEOS_DEPLOYMENT_TARGET = 10.3;
				MTL_ENABLE_DEBUG_INFO = NO;
				SDKROOT = iphoneos;
				SWIFT_OPTIMIZATION_LEVEL = "-Owholemodule";
				TARGETED_DEVICE_FAMILY = "1,2";
				VALIDATE_PRODUCT = YES;
			};
			name = Release;
		};
		F78205F51EE28DED0074792A /* Debug */ = {
			isa = XCBuildConfiguration;
			baseConfigurationReference = 0B68D1E3BD988940499C0E32 /* Pods-Neu Radio.debug.xcconfig */;
			buildSettings = {
				ASSETCATALOG_COMPILER_APPICON_NAME = AppIcon;
				DEVELOPMENT_TEAM = 6P784AZCKD;
				INFOPLIST_FILE = NeuRadio/Info.plist;
				IPHONEOS_DEPLOYMENT_TARGET = 8.0;
				LD_RUNPATH_SEARCH_PATHS = "$(inherited) @executable_path/Frameworks";
				PRODUCT_BUNDLE_IDENTIFIER = com.minhvo.NeuRadio;
				PRODUCT_NAME = "$(TARGET_NAME)";
				SWIFT_VERSION = 3.0;
			};
			name = Debug;
		};
		F78205F61EE28DED0074792A /* Release */ = {
			isa = XCBuildConfiguration;
			baseConfigurationReference = EF6E9E2F1A016789C3CE64A8 /* Pods-Neu Radio.release.xcconfig */;
			buildSettings = {
				ASSETCATALOG_COMPILER_APPICON_NAME = AppIcon;
				DEVELOPMENT_TEAM = 6P784AZCKD;
				INFOPLIST_FILE = NeuRadio/Info.plist;
				IPHONEOS_DEPLOYMENT_TARGET = 8.0;
				LD_RUNPATH_SEARCH_PATHS = "$(inherited) @executable_path/Frameworks";
				PRODUCT_BUNDLE_IDENTIFIER = com.minhvo.NeuRadio;
				PRODUCT_NAME = "$(TARGET_NAME)";
				SWIFT_VERSION = 3.0;
			};
			name = Release;
		};
		F78205F81EE28DED0074792A /* Debug */ = {
			isa = XCBuildConfiguration;
			buildSettings = {
				ALWAYS_EMBED_SWIFT_STANDARD_LIBRARIES = YES;
				BUNDLE_LOADER = "$(TEST_HOST)";
				DEVELOPMENT_TEAM = 6P784AZCKD;
				INFOPLIST_FILE = NeuRadioTests/Info.plist;
				LD_RUNPATH_SEARCH_PATHS = "$(inherited) @executable_path/Frameworks @loader_path/Frameworks";
				PRODUCT_BUNDLE_IDENTIFIER = com.minhvo.NeuRadioTests;
				PRODUCT_NAME = "$(TARGET_NAME)";
				SWIFT_VERSION = 3.0;
				TEST_HOST = "$(BUILT_PRODUCTS_DIR)/Neu Radio.app/Neu Radio";
			};
			name = Debug;
		};
		F78205F91EE28DED0074792A /* Release */ = {
			isa = XCBuildConfiguration;
			buildSettings = {
				ALWAYS_EMBED_SWIFT_STANDARD_LIBRARIES = YES;
				BUNDLE_LOADER = "$(TEST_HOST)";
				DEVELOPMENT_TEAM = 6P784AZCKD;
				INFOPLIST_FILE = NeuRadioTests/Info.plist;
				LD_RUNPATH_SEARCH_PATHS = "$(inherited) @executable_path/Frameworks @loader_path/Frameworks";
				PRODUCT_BUNDLE_IDENTIFIER = com.minhvo.NeuRadioTests;
				PRODUCT_NAME = "$(TARGET_NAME)";
				SWIFT_VERSION = 3.0;
				TEST_HOST = "$(BUILT_PRODUCTS_DIR)/Neu Radio.app/Neu Radio";
			};
			name = Release;
		};
		F78205FB1EE28DED0074792A /* Debug */ = {
			isa = XCBuildConfiguration;
			buildSettings = {
				ALWAYS_EMBED_SWIFT_STANDARD_LIBRARIES = YES;
				DEVELOPMENT_TEAM = 6P784AZCKD;
				INFOPLIST_FILE = NeuRadioUITests/Info.plist;
				LD_RUNPATH_SEARCH_PATHS = "$(inherited) @executable_path/Frameworks @loader_path/Frameworks";
				PRODUCT_BUNDLE_IDENTIFIER = com.minhvo.NeuRadioUITests;
				PRODUCT_NAME = "$(TARGET_NAME)";
				SWIFT_VERSION = 3.0;
				TEST_TARGET_NAME = NeuRadio;
			};
			name = Debug;
		};
		F78205FC1EE28DED0074792A /* Release */ = {
			isa = XCBuildConfiguration;
			buildSettings = {
				ALWAYS_EMBED_SWIFT_STANDARD_LIBRARIES = YES;
				DEVELOPMENT_TEAM = 6P784AZCKD;
				INFOPLIST_FILE = NeuRadioUITests/Info.plist;
				LD_RUNPATH_SEARCH_PATHS = "$(inherited) @executable_path/Frameworks @loader_path/Frameworks";
				PRODUCT_BUNDLE_IDENTIFIER = com.minhvo.NeuRadioUITests;
				PRODUCT_NAME = "$(TARGET_NAME)";
				SWIFT_VERSION = 3.0;
				TEST_TARGET_NAME = NeuRadio;
			};
			name = Release;
		};
/* End XCBuildConfiguration section */

/* Begin XCConfigurationList section */
		F78205C71EE28DED0074792A /* Build configuration list for PBXProject "Neu Radio" */ = {
			isa = XCConfigurationList;
			buildConfigurations = (
				F78205F21EE28DED0074792A /* Debug */,
				F78205F31EE28DED0074792A /* Release */,
			);
			defaultConfigurationIsVisible = 0;
			defaultConfigurationName = Release;
		};
		F78205F41EE28DED0074792A /* Build configuration list for PBXNativeTarget "Neu Radio" */ = {
			isa = XCConfigurationList;
			buildConfigurations = (
				F78205F51EE28DED0074792A /* Debug */,
				F78205F61EE28DED0074792A /* Release */,
			);
			defaultConfigurationIsVisible = 0;
			defaultConfigurationName = Release;
		};
		F78205F71EE28DED0074792A /* Build configuration list for PBXNativeTarget "Neu RadioTests" */ = {
			isa = XCConfigurationList;
			buildConfigurations = (
				F78205F81EE28DED0074792A /* Debug */,
				F78205F91EE28DED0074792A /* Release */,
			);
			defaultConfigurationIsVisible = 0;
			defaultConfigurationName = Release;
		};
		F78205FA1EE28DED0074792A /* Build configuration list for PBXNativeTarget "Neu RadioUITests" */ = {
			isa = XCConfigurationList;
			buildConfigurations = (
				F78205FB1EE28DED0074792A /* Debug */,
				F78205FC1EE28DED0074792A /* Release */,
			);
			defaultConfigurationIsVisible = 0;
			defaultConfigurationName = Release;
		};
/* End XCConfigurationList section */
	};
	rootObject = F78205C41EE28DED0074792A /* Project object */;
}
